<?xml version="1.0" encoding="utf-8"?>
<Project ToolsVersion="4.0" xmlns="http://schemas.microsoft.com/developer/msbuild/2003">
  <ItemGroup>
    <Filter Include="Source">
      <UniqueIdentifier>{d3ebfb06-96fd-4f5c-950c-3c8bc82d9a46}</UniqueIdentifier>
      <Extensions>*.cpp</Extensions>
    </Filter>
    <Filter Include="LZ4">
      <UniqueIdentifier>{2a490966-985f-4da8-9bfb-f02f1e201aae}</UniqueIdentifier>
    </Filter>
    <Filter Include="Include">
      <UniqueIdentifier>{81ed69a7-6a33-4864-a4d8-f792e32dbbf4}</UniqueIdentifier>
      <Extensions>*.h</Extensions>
    </Filter>
  </ItemGroup>
  <ItemGroup>
    <ClCompile Include="src\FileUtils.cpp">
      <Filter>Source</Filter>
    </ClCompile>
    <ClCompile Include="src\FrameLogger.cpp">
      <Filter>Source</Filter>
    </ClCompile>
    <ClCompile Include="src\LogDevice.cpp">
      <Filter>Source</Filter>
    </ClCompile>
    <ClCompile Include="src\ONIKinectDevice.cpp">
      <Filter>Source</Filter>
    </ClCompile>
    <ClCompile Include="src\RGBDDevice.cpp">
      <Filter>Source</Filter>
    </ClCompile>
    <ClCompile Include="src\RGBDFrame.cpp">
      <Filter>Source</Filter>
    </ClCompile>
    <ClCompile Include="src\RGBDFrameFactory.cpp">
      <Filter>Source</Filter>
    </ClCompile>
    <ClCompile Include="src\lz4.c">
      <Filter>LZ4</Filter>
    </ClCompile>
  </ItemGroup>
  <ItemGroup>
    <ClInclude Include="include\FileUtils.h">
      <Filter>Include</Filter>
    </ClInclude>
    <ClInclude Include="include\FrameLogger.h">
      <Filter>Include</Filter>
    </ClInclude>
    <ClInclude Include="include\LogDevice.h">
      <Filter>Include</Filter>
    </ClInclude>
    <ClInclude Include="include\ONIKinectDevice.h">
      <Filter>Include</Filter>
    </ClInclude>
    <ClInclude Include="include\OniSampleUtilities.h">
      <Filter>Include</Filter>
    </ClInclude>
    <ClInclude Include="include\RGBDDevice.h">
      <Filter>Include</Filter>
    </ClInclude>
    <ClInclude Include="include\RGBDFrame.h">
      <Filter>Include</Filter>
    </ClInclude>
    <ClInclude Include="include\RGBDFrameFactory.h">
      <Filter>Include</Filter>
    </ClInclude>
    <ClInclude Include="include\RGBDFrameworkLib.h">
      <Filter>Include</Filter>
    </ClInclude>
    <ClInclude Include="include\lz4.h">
      <Filter>LZ4</Filter>
    </ClInclude>
    <ClInclude Include="include\Calibration.h">
      <Filter>Include</Filter>
    </ClInclude>
  </ItemGroup>
</Project>